// !$*UTF8*$!
{
	archiveVersion = 1;
	classes = {
	};
	objectVersion = 48;
	objects = {

/* Begin PBXBuildFile section */
		29959D8A20A0D62F00FCFAAB /* AppDelegate.swift in Sources */ = {isa = PBXBuildFile; fileRef = 29959D8920A0D62F00FCFAAB /* AppDelegate.swift */; };
		29959D8C20A0D62F00FCFAAB /* ViewController.swift in Sources */ = {isa = PBXBuildFile; fileRef = 29959D8B20A0D62F00FCFAAB /* ViewController.swift */; };
		29959D8F20A0D62F00FCFAAB /* Main.storyboard in Resources */ = {isa = PBXBuildFile; fileRef = 29959D8D20A0D62F00FCFAAB /* Main.storyboard */; };
		29959D9120A0D62F00FCFAAB /* Assets.xcassets in Resources */ = {isa = PBXBuildFile; fileRef = 29959D9020A0D62F00FCFAAB /* Assets.xcassets */; };
		29959D9420A0D62F00FCFAAB /* LaunchScreen.storyboard in Resources */ = {isa = PBXBuildFile; fileRef = 29959D9220A0D62F00FCFAAB /* LaunchScreen.storyboard */; };
		29959D9D20A0E72200FCFAAB /* test1.mkv in Resources */ = {isa = PBXBuildFile; fileRef = 29959D9C20A0E72200FCFAAB /* test1.mkv */; };
		29959DA120A0F5AF00FCFAAB /* test4.mkv in Resources */ = {isa = PBXBuildFile; fileRef = 29959D9E20A0F5AF00FCFAAB /* test4.mkv */; };
		29959DA220A0F5AF00FCFAAB /* test2.mkv in Resources */ = {isa = PBXBuildFile; fileRef = 29959D9F20A0F5AF00FCFAAB /* test2.mkv */; };
		29959DA320A0F5AF00FCFAAB /* test3.mkv in Resources */ = {isa = PBXBuildFile; fileRef = 29959DA020A0F5AF00FCFAAB /* test3.mkv */; };
		C05FBB60B6B1099A9B4F9AC5 /* Pods_MkvTest.framework in Frameworks */ = {isa = PBXBuildFile; fileRef = C669FC99E2397785309154A9 /* Pods_MkvTest.framework */; };
/* End PBXBuildFile section */

/* Begin PBXFileReference section */
		29959D8620A0D62F00FCFAAB /* MkvTest.app */ = {isa = PBXFileReference; explicitFileType = wrapper.application; includeInIndex = 0; path = MkvTest.app; sourceTree = BUILT_PRODUCTS_DIR; };
		29959D8920A0D62F00FCFAAB /* AppDelegate.swift */ = {isa = PBXFileReference; lastKnownFileType = sourcecode.swift; path = AppDelegate.swift; sourceTree = "<group>"; };
		29959D8B20A0D62F00FCFAAB /* ViewController.swift */ = {isa = PBXFileReference; lastKnownFileType = sourcecode.swift; path = ViewController.swift; sourceTree = "<group>"; };
		29959D8E20A0D62F00FCFAAB /* Base */ = {isa = PBXFileReference; lastKnownFileType = file.storyboard; name = Base; path = Base.lproj/Main.storyboard; sourceTree = "<group>"; };
		29959D9020A0D62F00FCFAAB /* Assets.xcassets */ = {isa = PBXFileReference; lastKnownFileType = folder.assetcatalog; path = Assets.xcassets; sourceTree = "<group>"; };
		29959D9320A0D62F00FCFAAB /* Base */ = {isa = PBXFileReference; lastKnownFileType = file.storyboard; name = Base; path = Base.lproj/LaunchScreen.storyboard; sourceTree = "<group>"; };
		29959D9520A0D62F00FCFAAB /* Info.plist */ = {isa = PBXFileReference; lastKnownFileType = text.plist.xml; path = Info.plist; sourceTree = "<group>"; };
		29959D9B20A0E1D000FCFAAB /* MkvTest-Bridging-Header.h */ = {isa = PBXFileReference; lastKnownFileType = sourcecode.c.h; path = "MkvTest-Bridging-Header.h"; sourceTree = "<group>"; };
		29959D9C20A0E72200FCFAAB /* test1.mkv */ = {isa = PBXFileReference; lastKnownFileType = file; path = test1.mkv; sourceTree = "<group>"; };
		29959D9E20A0F5AF00FCFAAB /* test4.mkv */ = {isa = PBXFileReference; lastKnownFileType = file; path = test4.mkv; sourceTree = "<group>"; };
		29959D9F20A0F5AF00FCFAAB /* test2.mkv */ = {isa = PBXFileReference; lastKnownFileType = file; path = test2.mkv; sourceTree = "<group>"; };
		29959DA020A0F5AF00FCFAAB /* test3.mkv */ = {isa = PBXFileReference; lastKnownFileType = file; path = test3.mkv; sourceTree = "<group>"; };
		54E82E2113AE591B077C9972 /* Pods-MkvTest.debug.xcconfig */ = {isa = PBXFileReference; includeInIndex = 1; lastKnownFileType = text.xcconfig; name = "Pods-MkvTest.debug.xcconfig"; path = "Pods/Target Support Files/Pods-MkvTest/Pods-MkvTest.debug.xcconfig"; sourceTree = "<group>"; };
		97AD07FB309D89AFC5A06547 /* Pods-MkvTest.release.xcconfig */ = {isa = PBXFileReference; includeInIndex = 1; lastKnownFileType = text.xcconfig; name = "Pods-MkvTest.release.xcconfig"; path = "Pods/Target Support Files/Pods-MkvTest/Pods-MkvTest.release.xcconfig"; sourceTree = "<group>"; };
		C669FC99E2397785309154A9 /* Pods_MkvTest.framework */ = {isa = PBXFileReference; explicitFileType = wrapper.framework; includeInIndex = 0; path = Pods_MkvTest.framework; sourceTree = BUILT_PRODUCTS_DIR; };
/* End PBXFileReference section */

/* Begin PBXFrameworksBuildPhase section */
		29959D8320A0D62F00FCFAAB /* Frameworks */ = {
			isa = PBXFrameworksBuildPhase;
			buildActionMask = 2147483647;
			files = (
				C05FBB60B6B1099A9B4F9AC5 /* Pods_MkvTest.framework in Frameworks */,
			);
			runOnlyForDeploymentPostprocessing = 0;
		};
/* End PBXFrameworksBuildPhase section */

/* Begin PBXGroup section */
		250023961467CF66AAED514C /* Pods */ = {
			isa = PBXGroup;
			children = (
				54E82E2113AE591B077C9972 /* Pods-MkvTest.debug.xcconfig */,
				97AD07FB309D89AFC5A06547 /* Pods-MkvTest.release.xcconfig */,
			);
			name = Pods;
			sourceTree = "<group>";
		};
		29959D7D20A0D62E00FCFAAB = {
			isa = PBXGroup;
			children = (
				29959D8820A0D62F00FCFAAB /* MkvTest */,
				29959D8720A0D62F00FCFAAB /* Products */,
				250023961467CF66AAED514C /* Pods */,
				4C0E37BED8EAD9194932EE3E /* Frameworks */,
			);
			sourceTree = "<group>";
		};
		29959D8720A0D62F00FCFAAB /* Products */ = {
			isa = PBXGroup;
			children = (
				29959D8620A0D62F00FCFAAB /* MkvTest.app */,
			);
			name = Products;
			sourceTree = "<group>";
		};
		29959D8820A0D62F00FCFAAB /* MkvTest */ = {
			isa = PBXGroup;
			children = (
				29959DA520A0F5D800FCFAAB /* Resources */,
				29959D8920A0D62F00FCFAAB /* AppDelegate.swift */,
				29959D8B20A0D62F00FCFAAB /* ViewController.swift */,
				29959D8D20A0D62F00FCFAAB /* Main.storyboard */,
				29959D9020A0D62F00FCFAAB /* Assets.xcassets */,
				29959D9220A0D62F00FCFAAB /* LaunchScreen.storyboard */,
				29959D9520A0D62F00FCFAAB /* Info.plist */,
				29959D9B20A0E1D000FCFAAB /* MkvTest-Bridging-Header.h */,
			);
			path = MkvTest;
			sourceTree = "<group>";
		};
		29959DA520A0F5D800FCFAAB /* Resources */ = {
			isa = PBXGroup;
			children = (
				29959D9C20A0E72200FCFAAB /* test1.mkv */,
				29959D9F20A0F5AF00FCFAAB /* test2.mkv */,
				29959DA020A0F5AF00FCFAAB /* test3.mkv */,
				29959D9E20A0F5AF00FCFAAB /* test4.mkv */,
			);
			path = Resources;
			sourceTree = "<group>";
		};
		4C0E37BED8EAD9194932EE3E /* Frameworks */ = {
			isa = PBXGroup;
			children = (
				C669FC99E2397785309154A9 /* Pods_MkvTest.framework */,
			);
			name = Frameworks;
			sourceTree = "<group>";
		};
/* End PBXGroup section */

/* Begin PBXNativeTarget section */
		29959D8520A0D62F00FCFAAB /* MkvTest */ = {
			isa = PBXNativeTarget;
			buildConfigurationList = 29959D9820A0D62F00FCFAAB /* Build configuration list for PBXNativeTarget "MkvTest" */;
			buildPhases = (
				91C06011CAB56D9291D18F8E /* [CP] Check Pods Manifest.lock */,
				29959D8220A0D62F00FCFAAB /* Sources */,
				29959D8320A0D62F00FCFAAB /* Frameworks */,
				29959D8420A0D62F00FCFAAB /* Resources */,
			);
			buildRules = (
			);
			dependencies = (
			);
			name = MkvTest;
			productName = MkvTest;
			productReference = 29959D8620A0D62F00FCFAAB /* MkvTest.app */;
			productType = "com.apple.product-type.application";
		};
/* End PBXNativeTarget section */

/* Begin PBXProject section */
		29959D7E20A0D62E00FCFAAB /* Project object */ = {
			isa = PBXProject;
			attributes = {
				LastSwiftUpdateCheck = 0920;
				LastUpgradeCheck = 0920;
				ORGANIZATIONNAME = Foo;
				TargetAttributes = {
					29959D8520A0D62F00FCFAAB = {
						CreatedOnToolsVersion = 9.2;
						ProvisioningStyle = Automatic;
					};
				};
			};
			buildConfigurationList = 29959D8120A0D62E00FCFAAB /* Build configuration list for PBXProject "MkvTest" */;
			compatibilityVersion = "Xcode 8.0";
			developmentRegion = en;
			hasScannedForEncodings = 0;
			knownRegions = (
				en,
				Base,
			);
			mainGroup = 29959D7D20A0D62E00FCFAAB;
			productRefGroup = 29959D8720A0D62F00FCFAAB /* Products */;
			projectDirPath = "";
			projectRoot = "";
			targets = (
				29959D8520A0D62F00FCFAAB /* MkvTest */,
			);
		};
/* End PBXProject section */

/* Begin PBXResourcesBuildPhase section */
		29959D8420A0D62F00FCFAAB /* Resources */ = {
			isa = PBXResourcesBuildPhase;
			buildActionMask = 2147483647;
			files = (
				29959D9420A0D62F00FCFAAB /* LaunchScreen.storyboard in Resources */,
				29959D9120A0D62F00FCFAAB /* Assets.xcassets in Resources */,
				29959D9D20A0E72200FCFAAB /* test1.mkv in Resources */,
				29959DA320A0F5AF00FCFAAB /* test3.mkv in Resources */,
				29959DA120A0F5AF00FCFAAB /* test4.mkv in Resources */,
				29959D8F20A0D62F00FCFAAB /* Main.storyboard in Resources */,
				29959DA220A0F5AF00FCFAAB /* test2.mkv in Resources */,
			);
			runOnlyForDeploymentPostprocessing = 0;
		};
/* End PBXResourcesBuildPhase section */

/* Begin PBXShellScriptBuildPhase section */
		91C06011CAB56D9291D18F8E /* [CP] Check Pods Manifest.lock */ = {
			isa = PBXShellScriptBuildPhase;
			buildActionMask = 2147483647;
			files = (
			);
			inputPaths = (
				"${PODS_PODFILE_DIR_PATH}/Podfile.lock",
				"${PODS_ROOT}/Manifest.lock",
			);
			name = "[CP] Check Pods Manifest.lock";
			outputPaths = (
				"$(DERIVED_FILE_DIR)/Pods-MkvTest-checkManifestLockResult.txt",
			);
			runOnlyForDeploymentPostprocessing = 0;
			shellPath = /bin/sh;
			shellScript = "diff \"${PODS_PODFILE_DIR_PATH}/Podfile.lock\" \"${PODS_ROOT}/Manifest.lock\" > /dev/null\nif [ $? != 0 ] ; then\n    # print error to STDERR\n    echo \"error: The sandbox is not in sync with the Podfile.lock. Run 'pod install' or update your CocoaPods installation.\" >&2\n    exit 1\nfi\n# This output is used by Xcode 'outputs' to avoid re-running this script phase.\necho \"SUCCESS\" > \"${SCRIPT_OUTPUT_FILE_0}\"\n";
			showEnvVarsInLog = 0;
		};
/* End PBXShellScriptBuildPhase section */

/* Begin PBXSourcesBuildPhase section */
		29959D8220A0D62F00FCFAAB /* Sources */ = {
			isa = PBXSourcesBuildPhase;
			buildActionMask = 2147483647;
			files = (
				29959D8C20A0D62F00FCFAAB /* ViewController.swift in Sources */,
				29959D8A20A0D62F00FCFAAB /* AppDelegate.swift in Sources */,
			);
			runOnlyForDeploymentPostprocessing = 0;
		};
/* End PBXSourcesBuildPhase section */

/* Begin PBXVariantGroup section */
		29959D8D20A0D62F00FCFAAB /* Main.storyboard */ = {
			isa = PBXVariantGroup;
			children = (
				29959D8E20A0D62F00FCFAAB /* Base */,
			);
			name = Main.storyboard;
			sourceTree = "<group>";
		};
		29959D9220A0D62F00FCFAAB /* LaunchScreen.storyboard */ = {
			isa = PBXVariantGroup;
			children = (
				29959D9320A0D62F00FCFAAB /* Base */,
			);
			name = LaunchScreen.storyboard;
			sourceTree = "<group>";
		};
/* End PBXVariantGroup section */

/* Begin XCBuildConfiguration section */
		29959D9620A0D62F00FCFAAB /* Debug */ = {
			isa = XCBuildConfiguration;
			buildSettings = {
				ALWAYS_SEARCH_USER_PATHS = NO;
				CLANG_ANALYZER_NONNULL = YES;
				CLANG_ANALYZER_NUMBER_OBJECT_CONVERSION = YES_AGGRESSIVE;
				CLANG_CXX_LANGUAGE_STANDARD = "gnu++14";
				CLANG_CXX_LIBRARY = "libc++";
				CLANG_ENABLE_MODULES = YES;
				CLANG_ENABLE_OBJC_ARC = YES;
				CLANG_WARN_BLOCK_CAPTURE_AUTORELEASING = YES;
				CLANG_WARN_BOOL_CONVERSION = YES;
				CLANG_WARN_COMMA = YES;
				CLANG_WARN_CONSTANT_CONVERSION = YES;
				CLANG_WARN_DIRECT_OBJC_ISA_USAGE = YES_ERROR;
				CLANG_WARN_DOCUMENTATION_COMMENTS = YES;
				CLANG_WARN_EMPTY_BODY = YES;
				CLANG_WARN_ENUM_CONVERSION = YES;
				CLANG_WARN_INFINITE_RECURSION = YES;
				CLANG_WARN_INT_CONVERSION = YES;
				CLANG_WARN_NON_LITERAL_NULL_CONVERSION = YES;
				CLANG_WARN_OBJC_LITERAL_CONVERSION = YES;
				CLANG_WARN_OBJC_ROOT_CLASS = YES_ERROR;
				CLANG_WARN_RANGE_LOOP_ANALYSIS = YES;
				CLANG_WARN_STRICT_PROTOTYPES = YES;
				CLANG_WARN_SUSPICIOUS_MOVE = YES;
				CLANG_WARN_UNGUARDED_AVAILABILITY = YES_AGGRESSIVE;
				CLANG_WARN_UNREACHABLE_CODE = YES;
				CLANG_WARN__DUPLICATE_METHOD_MATCH = YES;
				CODE_SIGN_IDENTITY = "iPhone Developer";
				COPY_PHASE_STRIP = NO;
				DEBUG_INFORMATION_FORMAT = dwarf;
				ENABLE_STRICT_OBJC_MSGSEND = YES;
				ENABLE_TESTABILITY = YES;
				GCC_C_LANGUAGE_STANDARD = gnu11;
				GCC_DYNAMIC_NO_PIC = NO;
				GCC_NO_COMMON_BLOCKS = YES;
				GCC_OPTIMIZATION_LEVEL = 0;
				GCC_PREPROCESSOR_DEFINITIONS = (
					"DEBUG=1",
					"$(inherited)",
				);
				GCC_WARN_64_TO_32_BIT_CONVERSION = YES;
				GCC_WARN_ABOUT_RETURN_TYPE = YES_ERROR;
				GCC_WARN_UNDECLARED_SELECTOR = YES;
				GCC_WARN_UNINITIALIZED_AUTOS = YES_AGGRESSIVE;
				GCC_WARN_UNUSED_FUNCTION = YES;
				GCC_WARN_UNUSED_VARIABLE = YES;
				IPHONEOS_DEPLOYMENT_TARGET = 9.0;
				MTL_ENABLE_DEBUG_INFO = YES;
				ONLY_ACTIVE_ARCH = YES;
				SDKROOT = iphoneos;
				SWIFT_ACTIVE_COMPILATION_CONDITIONS = DEBUG;
				SWIFT_OPTIMIZATION_LEVEL = "-Onone";
			};
			name = Debug;
		};
		29959D9720A0D62F00FCFAAB /* Release */ = {
			isa = XCBuildConfiguration;
			buildSettings = {
				ALWAYS_SEARCH_USER_PATHS = NO;
				CLANG_ANALYZER_NONNULL = YES;
				CLANG_ANALYZER_NUMBER_OBJECT_CONVERSION = YES_AGGRESSIVE;
				CLANG_CXX_LANGUAGE_STANDARD = "gnu++14";
				CLANG_CXX_LIBRARY = "libc++";
				CLANG_ENABLE_MODULES = YES;
				CLANG_ENABLE_OBJC_ARC = YES;
				CLANG_WARN_BLOCK_CAPTURE_AUTORELEASING = YES;
				CLANG_WARN_BOOL_CONVERSION = YES;
				CLANG_WARN_COMMA = YES;
				CLANG_WARN_CONSTANT_CONVERSION = YES;
				CLANG_WARN_DIRECT_OBJC_ISA_USAGE = YES_ERROR;
				CLANG_WARN_DOCUMENTATION_COMMENTS = YES;
				CLANG_WARN_EMPTY_BODY = YES;
				CLANG_WARN_ENUM_CONVERSION = YES;
				CLANG_WARN_INFINITE_RECURSION = YES;
				CLANG_WARN_INT_CONVERSION = YES;
				CLANG_WARN_NON_LITERAL_NULL_CONVERSION = YES;
				CLANG_WARN_OBJC_LITERAL_CONVERSION = YES;
				CLANG_WARN_OBJC_ROOT_CLASS = YES_ERROR;
				CLANG_WARN_RANGE_LOOP_ANALYSIS = YES;
				CLANG_WARN_STRICT_PROTOTYPES = YES;
				CLANG_WARN_SUSPICIOUS_MOVE = YES;
				CLANG_WARN_UNGUARDED_AVAILABILITY = YES_AGGRESSIVE;
				CLANG_WARN_UNREACHABLE_CODE = YES;
				CLANG_WARN__DUPLICATE_METHOD_MATCH = YES;
				CODE_SIGN_IDENTITY = "iPhone Developer";
				COPY_PHASE_STRIP = NO;
				DEBUG_INFORMATION_FORMAT = "dwarf-with-dsym";
				ENABLE_NS_ASSERTIONS = NO;
				ENABLE_STRICT_OBJC_MSGSEND = YES;
				GCC_C_LANGUAGE_STANDARD = gnu11;
				GCC_NO_COMMON_BLOCKS = YES;
				GCC_WARN_64_TO_32_BIT_CONVERSION = YES;
				GCC_WARN_ABOUT_RETURN_TYPE = YES_ERROR;
				GCC_WARN_UNDECLARED_SELECTOR = YES;
				GCC_WARN_UNINITIALIZED_AUTOS = YES_AGGRESSIVE;
				GCC_WARN_UNUSED_FUNCTION = YES;
				GCC_WARN_UNUSED_VARIABLE = YES;
				IPHONEOS_DEPLOYMENT_TARGET = 9.0;
				MTL_ENABLE_DEBUG_INFO = NO;
				SDKROOT = iphoneos;
				SWIFT_OPTIMIZATION_LEVEL = "-Owholemodule";
				VALIDATE_PRODUCT = YES;
			};
			name = Release;
		};
		29959D9920A0D62F00FCFAAB /* Debug */ = {
			isa = XCBuildConfiguration;
			baseConfigurationReference = 54E82E2113AE591B077C9972 /* Pods-MkvTest.debug.xcconfig */;
			buildSettings = {
				ASSETCATALOG_COMPILER_APPICON_NAME = AppIcon;
				CODE_SIGN_STYLE = Automatic;
				DEVELOPMENT_TEAM = GB384UNNFA;
				ENABLE_BITCODE = NO;
				INFOPLIST_FILE = MkvTest/Info.plist;
				IPHONEOS_DEPLOYMENT_TARGET = 9.0;
				LD_RUNPATH_SEARCH_PATHS = "$(inherited) @executable_path/Frameworks";
				PRODUCT_BUNDLE_IDENTIFIER = com.foo.MkvTest;
				PRODUCT_NAME = "$(TARGET_NAME)";
				SWIFT_OBJC_BRIDGING_HEADER = "MkvTest/MkvTest-Bridging-Header.h";
				SWIFT_VERSION = 4.0;
				TARGETED_DEVICE_FAMILY = "1,2";
			};
			name = Debug;
		};
		29959D9A20A0D62F00FCFAAB /* Release */ = {
			isa = XCBuildConfiguration;
			baseConfigurationReference = 97AD07FB309D89AFC5A06547 /* Pods-MkvTest.release.xcconfig */;
			buildSettings = {
				ASSETCATALOG_COMPILER_APPICON_NAME = AppIcon;
				CODE_SIGN_STYLE = Automatic;
				DEVELOPMENT_TEAM = GB384UNNFA;
				ENABLE_BITCODE = NO;
				INFOPLIST_FILE = MkvTest/Info.plist;
				IPHONEOS_DEPLOYMENT_TARGET = 9.0;
				LD_RUNPATH_SEARCH_PATHS = "$(inherited) @executable_path/Frameworks";
				PRODUCT_BUNDLE_IDENTIFIER = com.foo.MkvTest;
				PRODUCT_NAME = "$(TARGET_NAME)";
				SWIFT_OBJC_BRIDGING_HEADER = "MkvTest/MkvTest-Bridging-Header.h";
				SWIFT_VERSION = 4.0;
				TARGETED_DEVICE_FAMILY = "1,2";
			};
			name = Release;
		};
/* End XCBuildConfiguration section */

/* Begin XCConfigurationList section */
		29959D8120A0D62E00FCFAAB /* Build configuration list for PBXProject "MkvTest" */ = {
			isa = XCConfigurationList;
			buildConfigurations = (
				29959D9620A0D62F00FCFAAB /* Debug */,
				29959D9720A0D62F00FCFAAB /* Release */,
			);
			defaultConfigurationIsVisible = 0;
			defaultConfigurationName = Release;
		};
		29959D9820A0D62F00FCFAAB /* Build configuration list for PBXNativeTarget "MkvTest" */ = {
			isa = XCConfigurationList;
			buildConfigurations = (
				29959D9920A0D62F00FCFAAB /* Debug */,
				29959D9A20A0D62F00FCFAAB /* Release */,
			);
			defaultConfigurationIsVisible = 0;
			defaultConfigurationName = Release;
		};
/* End XCConfigurationList section */
	};
	rootObject = 29959D7E20A0D62E00FCFAAB /* Project object */;
}
